
Microsoft Visual Studio Solution File, Format Version 11.00
# Visual Studio 2010
Project("{FAE04EC0-301F-11D3-BF4B-00C04F79EFBC}") = "N2Contrib.TestHelper", "N2Contrib.TestHelper\N2Contrib.TestHelper.csproj", "{EBB3110D-1B10-4834-83F1-3B78CD7AFF39}"
EndProject
Project("{2150E333-8FDC-42A3-9474-1A3956D46DE8}") = ".nuget", ".nuget", "{56551BD1-0071-4D0E-873D-DE3001B418C5}"
	ProjectSection(SolutionItems) = preProject
		.nuget\NuGet.exe = .nuget\NuGet.exe
		.nuget\NuGet.targets = .nuget\NuGet.targets
	EndProjectSection
EndProject
Project("{2150E333-8FDC-42A3-9474-1A3956D46DE8}") = "Solution Items", "Solution Items", "{BE1C2C59-BAED-4C79-A4D1-8060309FB86E}"
	ProjectSection(SolutionItems) = preProject
		.gitignore = .gitignore
		README.md = README.md
	EndProjectSection
EndProject
Project("{FAE04EC0-301F-11D3-BF4B-00C04F79EFBC}") = "N2Contrib", "N2Contrib\N2Contrib.csproj", "{94351595-B2C8-4404-A3D3-49E5DAA2E253}"
EndProject
Project("{FAE04EC0-301F-11D3-BF4B-00C04F79EFBC}") = "N2Contrib.Tests", "N2Contrib.Tests\N2Contrib.Tests.csproj", "{AA5AFA43-C5CE-4320-945E-5F68C6985B06}"
EndProject
Project("{FAE04EC0-301F-11D3-BF4B-00C04F79EFBC}") = "N2Contrib.Demo", "N2Contrib.Demo\N2Contrib.Demo.csproj", "{F605D58B-EF1A-4BF7-8EB1-FE59EE425507}"
EndProject
Project("{2150E333-8FDC-42A3-9474-1A3956D46DE8}") = "Demo", "Demo", "{0352AAEF-EF59-4D85-963B-25706558DE68}"
EndProject
Project("{FAE04EC0-301F-11D3-BF4B-00C04F79EFBC}") = "N2Contrib.Mvc", "N2Contrib.Mvc\N2Contrib.Mvc.csproj", "{D07F2908-5E9D-4E04-9D1D-98DA5F58A037}"
EndProject
Project("{FAE04EC0-301F-11D3-BF4B-00C04F79EFBC}") = "N2Contrib.TestHelper.Mvc", "N2Contrib.TestHelper.Mvc\N2Contrib.TestHelper.Mvc.csproj", "{107FC8E9-2AC3-48B8-A0FB-6A3E9A27ABA4}"
EndProject
Global
	GlobalSection(SolutionConfigurationPlatforms) = preSolution
		Debug|Any CPU = Debug|Any CPU
		Release|Any CPU = Release|Any CPU
	EndGlobalSection
	GlobalSection(ProjectConfigurationPlatforms) = postSolution
		{EBB3110D-1B10-4834-83F1-3B78CD7AFF39}.Debug|Any CPU.ActiveCfg = Debug|Any CPU
		{EBB3110D-1B10-4834-83F1-3B78CD7AFF39}.Debug|Any CPU.Build.0 = Debug|Any CPU
		{EBB3110D-1B10-4834-83F1-3B78CD7AFF39}.Release|Any CPU.ActiveCfg = Release|Any CPU
		{EBB3110D-1B10-4834-83F1-3B78CD7AFF39}.Release|Any CPU.Build.0 = Release|Any CPU
		{94351595-B2C8-4404-A3D3-49E5DAA2E253}.Debug|Any CPU.ActiveCfg = Debug|Any CPU
		{94351595-B2C8-4404-A3D3-49E5DAA2E253}.Debug|Any CPU.Build.0 = Debug|Any CPU
		{94351595-B2C8-4404-A3D3-49E5DAA2E253}.Release|Any CPU.ActiveCfg = Release|Any CPU
		{94351595-B2C8-4404-A3D3-49E5DAA2E253}.Release|Any CPU.Build.0 = Release|Any CPU
		{AA5AFA43-C5CE-4320-945E-5F68C6985B06}.Debug|Any CPU.ActiveCfg = Debug|Any CPU
		{AA5AFA43-C5CE-4320-945E-5F68C6985B06}.Debug|Any CPU.Build.0 = Debug|Any CPU
		{AA5AFA43-C5CE-4320-945E-5F68C6985B06}.Release|Any CPU.ActiveCfg = Release|Any CPU
		{AA5AFA43-C5CE-4320-945E-5F68C6985B06}.Release|Any CPU.Build.0 = Release|Any CPU
		{F605D58B-EF1A-4BF7-8EB1-FE59EE425507}.Debug|Any CPU.ActiveCfg = Debug|Any CPU
		{F605D58B-EF1A-4BF7-8EB1-FE59EE425507}.Debug|Any CPU.Build.0 = Debug|Any CPU
		{F605D58B-EF1A-4BF7-8EB1-FE59EE425507}.Release|Any CPU.ActiveCfg = Release|Any CPU
		{F605D58B-EF1A-4BF7-8EB1-FE59EE425507}.Release|Any CPU.Build.0 = Release|Any CPU
		{D07F2908-5E9D-4E04-9D1D-98DA5F58A037}.Debug|Any CPU.ActiveCfg = Debug|Any CPU
		{D07F2908-5E9D-4E04-9D1D-98DA5F58A037}.Debug|Any CPU.Build.0 = Debug|Any CPU
		{D07F2908-5E9D-4E04-9D1D-98DA5F58A037}.Release|Any CPU.ActiveCfg = Release|Any CPU
		{D07F2908-5E9D-4E04-9D1D-98DA5F58A037}.Release|Any CPU.Build.0 = Release|Any CPU
		{107FC8E9-2AC3-48B8-A0FB-6A3E9A27ABA4}.Debug|Any CPU.ActiveCfg = Debug|Any CPU
		{107FC8E9-2AC3-48B8-A0FB-6A3E9A27ABA4}.Debug|Any CPU.Build.0 = Debug|Any CPU
		{107FC8E9-2AC3-48B8-A0FB-6A3E9A27ABA4}.Release|Any CPU.ActiveCfg = Release|Any CPU
		{107FC8E9-2AC3-48B8-A0FB-6A3E9A27ABA4}.Release|Any CPU.Build.0 = Release|Any CPU
	EndGlobalSection
	GlobalSection(SolutionProperties) = preSolution
		HideSolutionNode = FALSE
	EndGlobalSection
	GlobalSection(NestedProjects) = preSolution
		{F605D58B-EF1A-4BF7-8EB1-FE59EE425507} = {0352AAEF-EF59-4D85-963B-25706558DE68}
	EndGlobalSection
EndGlobal
