
Microsoft Visual Studio Solution File, Format Version 11.00
# Visual Studio 2010
Project("{FAE04EC0-301F-11D3-BF4B-00C04F79EFBC}") = "N2Contrib.TestHelper", "N2Contrib.TestHelper\N2Contrib.TestHelper.csproj", "{EBB3110D-1B10-4834-83F1-3B78CD7AFF39}"
EndProject
Global
	GlobalSection(SolutionConfigurationPlatforms) = preSolution
		Debug|Any CPU = Debug|Any CPU
		Release|Any CPU = Release|Any CPU
	EndGlobalSection
	GlobalSection(ProjectConfigurationPlatforms) = postSolution
		{EBB3110D-1B10-4834-83F1-3B78CD7AFF39}.Debug|Any CPU.ActiveCfg = Debug|Any CPU
		{EBB3110D-1B10-4834-83F1-3B78CD7AFF39}.Debug|Any CPU.Build.0 = Debug|Any CPU
		{EBB3110D-1B10-4834-83F1-3B78CD7AFF39}.Release|Any CPU.ActiveCfg = Release|Any CPU
		{EBB3110D-1B10-4834-83F1-3B78CD7AFF39}.Release|Any CPU.Build.0 = Release|Any CPU
	EndGlobalSection
	GlobalSection(SolutionProperties) = preSolution
		HideSolutionNode = FALSE
	EndGlobalSection
EndGlobal
